// !$*UTF8*$!
{
	archiveVersion = 1;
	classes = {
	};
	objectVersion = 54;
	objects = {

/* Begin PBXBuildFile section */
		00E356F31AD99517003FC87E /* RNAssigmentTests.m in Sources */ = {isa = PBXBuildFile; fileRef = 00E356F21AD99517003FC87E /* RNAssigmentTests.m */; };
		13B07FBC1A68108700A75B9A /* AppDelegate.m in Sources */ = {isa = PBXBuildFile; fileRef = 13B07FB01A68108700A75B9A /* AppDelegate.m */; };
		13B07FBF1A68108700A75B9A /* Images.xcassets in Resources */ = {isa = PBXBuildFile; fileRef = 13B07FB51A68108700A75B9A /* Images.xcassets */; };
		13B07FC11A68108700A75B9A /* main.m in Sources */ = {isa = PBXBuildFile; fileRef = 13B07FB71A68108700A75B9A /* main.m */; };
		81AB9BB82411601600AC10FF /* LaunchScreen.storyboard in Resources */ = {isa = PBXBuildFile; fileRef = 81AB9BB72411601600AC10FF /* LaunchScreen.storyboard */; };
		7F5B114ADC8B464AAB9D3AFC /* Roboto-Black.otf in Resources */ = {isa = PBXBuildFile; fileRef = 731C518E20D94B4BAED9AD0E /* Roboto-Black.otf */; };
		8CB510EA80FC472695B66CC2 /* Roboto-BlackItalic.otf in Resources */ = {isa = PBXBuildFile; fileRef = 6091E4F049AC4A53A2053015 /* Roboto-BlackItalic.otf */; };
		F6CEA98D16BF46A4AA398A60 /* Roboto-Bold.otf in Resources */ = {isa = PBXBuildFile; fileRef = 89E18D2037F44B0496E23CF5 /* Roboto-Bold.otf */; };
		3333F88046994AFAB6DF1FCC /* Roboto-BoldItalic.otf in Resources */ = {isa = PBXBuildFile; fileRef = 9CAE432A326F41A69AF28197 /* Roboto-BoldItalic.otf */; };
		0E48181EFE6149E3B8F23DBC /* Roboto-Italic.otf in Resources */ = {isa = PBXBuildFile; fileRef = 7073B5902AF2419E9C8D7483 /* Roboto-Italic.otf */; };
		359A56F346A2424098748511 /* Roboto-Light.otf in Resources */ = {isa = PBXBuildFile; fileRef = 260B44EA80AF4B53A58711F2 /* Roboto-Light.otf */; };
		62232AB6436D46E385C87292 /* Roboto-LightItalic.otf in Resources */ = {isa = PBXBuildFile; fileRef = 9ECD07AC31FD4641975EEF4F /* Roboto-LightItalic.otf */; };
		D19A05A8DBFA41A298DEDA18 /* Roboto-Medium.otf in Resources */ = {isa = PBXBuildFile; fileRef = 03537AD486A24C20B45483B3 /* Roboto-Medium.otf */; };
		A7D66FDD19A441C58D6B03A1 /* Roboto-MediumItalic.otf in Resources */ = {isa = PBXBuildFile; fileRef = 3A2D610E3C454D818B6ABFBE /* Roboto-MediumItalic.otf */; };
		33A1F293E8F84096957AB18E /* Roboto-Regular.otf in Resources */ = {isa = PBXBuildFile; fileRef = 08C4186B7F434C90845AD3E2 /* Roboto-Regular.otf */; };
		6D54601D96E04F1AA8B4FA4E /* Roboto-Thin.otf in Resources */ = {isa = PBXBuildFile; fileRef = 0A9C7CE4FB0743949478FAC5 /* Roboto-Thin.otf */; };
		77776E7E445940EC940BDD81 /* Roboto-ThinItalic.otf in Resources */ = {isa = PBXBuildFile; fileRef = BD2E186DD7D94C02A82FACE6 /* Roboto-ThinItalic.otf */; };
		C58E434016E141AD9F71D87F /* AntDesign.ttf in Resources */ = {isa = PBXBuildFile; fileRef = 2EE3C5842792431DB8013085 /* AntDesign.ttf */; };
		4AA5198F34DA4B8C98321658 /* Entypo.ttf in Resources */ = {isa = PBXBuildFile; fileRef = 7CD03FA1501F4C8AAF9A56C9 /* Entypo.ttf */; };
		F78F3BC449D74982B472DB70 /* EvilIcons.ttf in Resources */ = {isa = PBXBuildFile; fileRef = 00D8D47AF8C7441185FE5AD5 /* EvilIcons.ttf */; };
		AF6B1846C25C43ED98281780 /* Feather.ttf in Resources */ = {isa = PBXBuildFile; fileRef = DF015017D0324C12A7840120 /* Feather.ttf */; };
		2A5A6AD6876947839C54AB1D /* FontAwesome.ttf in Resources */ = {isa = PBXBuildFile; fileRef = 42F1100C1993450392254CF7 /* FontAwesome.ttf */; };
		EC08D86B5F294C5C82569FE2 /* FontAwesome5_Brands.ttf in Resources */ = {isa = PBXBuildFile; fileRef = 84BF427EBB1B4854931319FF /* FontAwesome5_Brands.ttf */; };
		AA004BA17C2448ADB6FE918B /* FontAwesome5_Regular.ttf in Resources */ = {isa = PBXBuildFile; fileRef = B0B5F17389B64D569666265C /* FontAwesome5_Regular.ttf */; };
		F9A14D54F4274CFDA0E7C533 /* FontAwesome5_Solid.ttf in Resources */ = {isa = PBXBuildFile; fileRef = 806E758E9FA84808B270D310 /* FontAwesome5_Solid.ttf */; };
		876E8CFC563547D5A457F119 /* Fontisto.ttf in Resources */ = {isa = PBXBuildFile; fileRef = 60C49F6E9F0B45A896AA9824 /* Fontisto.ttf */; };
		E244BB80A6724661A9983881 /* Foundation.ttf in Resources */ = {isa = PBXBuildFile; fileRef = 5446302AD1EA48A186021005 /* Foundation.ttf */; };
		98C894597CE14C308C907429 /* Ionicons.ttf in Resources */ = {isa = PBXBuildFile; fileRef = 0D95568662CB4A88AA1DF22A /* Ionicons.ttf */; };
		47F63E5DD4D441BBB2120353 /* MaterialCommunityIcons.ttf in Resources */ = {isa = PBXBuildFile; fileRef = 8123D7DE731F41698AE9592F /* MaterialCommunityIcons.ttf */; };
		7215B4B90E734A18910D54EC /* MaterialIcons.ttf in Resources */ = {isa = PBXBuildFile; fileRef = 2E3E3B35F4A7499C831ACA6E /* MaterialIcons.ttf */; };
		5C21869B656F46FAB8299148 /* Octicons.ttf in Resources */ = {isa = PBXBuildFile; fileRef = 0A24763345494F2297AF9B7F /* Octicons.ttf */; };
		5BB9DB5620734E21AB21424D /* Roboto_medium.ttf in Resources */ = {isa = PBXBuildFile; fileRef = D709DB9264AB42428D15E537 /* Roboto_medium.ttf */; };
		E624E269D480408F8094E5CF /* Roboto.ttf in Resources */ = {isa = PBXBuildFile; fileRef = 95D68026606A4A5CA1DEE2BB /* Roboto.ttf */; };
		FDCDE4A3B3E84E28B5C676BC /* rubicon-icon-font.ttf in Resources */ = {isa = PBXBuildFile; fileRef = 5F1CF29D4B3844BE925A7F33 /* rubicon-icon-font.ttf */; };
		F57F8D80927A454791638A13 /* SimpleLineIcons.ttf in Resources */ = {isa = PBXBuildFile; fileRef = A8ADFC44000343898B47C6B0 /* SimpleLineIcons.ttf */; };
		006C0702750042F7B4D173FA /* Zocial.ttf in Resources */ = {isa = PBXBuildFile; fileRef = 2FC984F1EEC7499583D20543 /* Zocial.ttf */; };
		4390E7D7A62A4470B5630198 /* Billabong-Regular.ttf in Resources */ = {isa = PBXBuildFile; fileRef = BD6D1CBAF86345F79F015A72 /* Billabong-Regular.ttf */; };
/* End PBXBuildFile section */

/* Begin PBXContainerItemProxy section */
		00E356F41AD99517003FC87E /* PBXContainerItemProxy */ = {
			isa = PBXContainerItemProxy;
			containerPortal = 83CBB9F71A601CBA00E9B192 /* Project object */;
			proxyType = 1;
			remoteGlobalIDString = 13B07F861A680F5B00A75B9A;
			remoteInfo = RNAssigment;
		};
/* End PBXContainerItemProxy section */

/* Begin PBXFileReference section */
		00E356EE1AD99517003FC87E /* RNAssigmentTests.xctest */ = {isa = PBXFileReference; explicitFileType = wrapper.cfbundle; includeInIndex = 0; path = RNAssigmentTests.xctest; sourceTree = BUILT_PRODUCTS_DIR; };
		00E356F11AD99517003FC87E /* Info.plist */ = {isa = PBXFileReference; lastKnownFileType = text.plist.xml; path = Info.plist; sourceTree = "<group>"; };
		00E356F21AD99517003FC87E /* RNAssigmentTests.m */ = {isa = PBXFileReference; lastKnownFileType = sourcecode.c.objc; path = RNAssigmentTests.m; sourceTree = "<group>"; };
		13B07F961A680F5B00A75B9A /* RNAssigment.app */ = {isa = PBXFileReference; explicitFileType = wrapper.application; includeInIndex = 0; path = RNAssigment.app; sourceTree = BUILT_PRODUCTS_DIR; };
		13B07FAF1A68108700A75B9A /* AppDelegate.h */ = {isa = PBXFileReference; fileEncoding = 4; lastKnownFileType = sourcecode.c.h; name = AppDelegate.h; path = RNAssigment/AppDelegate.h; sourceTree = "<group>"; };
		13B07FB01A68108700A75B9A /* AppDelegate.m */ = {isa = PBXFileReference; fileEncoding = 4; lastKnownFileType = sourcecode.c.objc; name = AppDelegate.m; path = RNAssigment/AppDelegate.m; sourceTree = "<group>"; };
		13B07FB51A68108700A75B9A /* Images.xcassets */ = {isa = PBXFileReference; lastKnownFileType = folder.assetcatalog; name = Images.xcassets; path = RNAssigment/Images.xcassets; sourceTree = "<group>"; };
		13B07FB61A68108700A75B9A /* Info.plist */ = {isa = PBXFileReference; fileEncoding = 4; lastKnownFileType = text.plist.xml; name = Info.plist; path = RNAssigment/Info.plist; sourceTree = "<group>"; };
		13B07FB71A68108700A75B9A /* main.m */ = {isa = PBXFileReference; fileEncoding = 4; lastKnownFileType = sourcecode.c.objc; name = main.m; path = RNAssigment/main.m; sourceTree = "<group>"; };
		81AB9BB72411601600AC10FF /* LaunchScreen.storyboard */ = {isa = PBXFileReference; fileEncoding = 4; lastKnownFileType = file.storyboard; name = LaunchScreen.storyboard; path = RNAssigment/LaunchScreen.storyboard; sourceTree = "<group>"; };
		ED297162215061F000B7C4FE /* JavaScriptCore.framework */ = {isa = PBXFileReference; lastKnownFileType = wrapper.framework; name = JavaScriptCore.framework; path = System/Library/Frameworks/JavaScriptCore.framework; sourceTree = SDKROOT; };
		731C518E20D94B4BAED9AD0E /* Roboto-Black.otf */ = {isa = PBXFileReference; name = "Roboto-Black.otf"; path = "../assets/fonts/Roboto-Black.otf"; sourceTree = "<group>"; fileEncoding = undefined; lastKnownFileType = unknown; explicitFileType = undefined; includeInIndex = 0; };
		6091E4F049AC4A53A2053015 /* Roboto-BlackItalic.otf */ = {isa = PBXFileReference; name = "Roboto-BlackItalic.otf"; path = "../assets/fonts/Roboto-BlackItalic.otf"; sourceTree = "<group>"; fileEncoding = undefined; lastKnownFileType = unknown; explicitFileType = undefined; includeInIndex = 0; };
		89E18D2037F44B0496E23CF5 /* Roboto-Bold.otf */ = {isa = PBXFileReference; name = "Roboto-Bold.otf"; path = "../assets/fonts/Roboto-Bold.otf"; sourceTree = "<group>"; fileEncoding = undefined; lastKnownFileType = unknown; explicitFileType = undefined; includeInIndex = 0; };
		9CAE432A326F41A69AF28197 /* Roboto-BoldItalic.otf */ = {isa = PBXFileReference; name = "Roboto-BoldItalic.otf"; path = "../assets/fonts/Roboto-BoldItalic.otf"; sourceTree = "<group>"; fileEncoding = undefined; lastKnownFileType = unknown; explicitFileType = undefined; includeInIndex = 0; };
		7073B5902AF2419E9C8D7483 /* Roboto-Italic.otf */ = {isa = PBXFileReference; name = "Roboto-Italic.otf"; path = "../assets/fonts/Roboto-Italic.otf"; sourceTree = "<group>"; fileEncoding = undefined; lastKnownFileType = unknown; explicitFileType = undefined; includeInIndex = 0; };
		260B44EA80AF4B53A58711F2 /* Roboto-Light.otf */ = {isa = PBXFileReference; name = "Roboto-Light.otf"; path = "../assets/fonts/Roboto-Light.otf"; sourceTree = "<group>"; fileEncoding = undefined; lastKnownFileType = unknown; explicitFileType = undefined; includeInIndex = 0; };
		9ECD07AC31FD4641975EEF4F /* Roboto-LightItalic.otf */ = {isa = PBXFileReference; name = "Roboto-LightItalic.otf"; path = "../assets/fonts/Roboto-LightItalic.otf"; sourceTree = "<group>"; fileEncoding = undefined; lastKnownFileType = unknown; explicitFileType = undefined; includeInIndex = 0; };
		03537AD486A24C20B45483B3 /* Roboto-Medium.otf */ = {isa = PBXFileReference; name = "Roboto-Medium.otf"; path = "../assets/fonts/Roboto-Medium.otf"; sourceTree = "<group>"; fileEncoding = undefined; lastKnownFileType = unknown; explicitFileType = undefined; includeInIndex = 0; };
		3A2D610E3C454D818B6ABFBE /* Roboto-MediumItalic.otf */ = {isa = PBXFileReference; name = "Roboto-MediumItalic.otf"; path = "../assets/fonts/Roboto-MediumItalic.otf"; sourceTree = "<group>"; fileEncoding = undefined; lastKnownFileType = unknown; explicitFileType = undefined; includeInIndex = 0; };
		08C4186B7F434C90845AD3E2 /* Roboto-Regular.otf */ = {isa = PBXFileReference; name = "Roboto-Regular.otf"; path = "../assets/fonts/Roboto-Regular.otf"; sourceTree = "<group>"; fileEncoding = undefined; lastKnownFileType = unknown; explicitFileType = undefined; includeInIndex = 0; };
		0A9C7CE4FB0743949478FAC5 /* Roboto-Thin.otf */ = {isa = PBXFileReference; name = "Roboto-Thin.otf"; path = "../assets/fonts/Roboto-Thin.otf"; sourceTree = "<group>"; fileEncoding = undefined; lastKnownFileType = unknown; explicitFileType = undefined; includeInIndex = 0; };
		BD2E186DD7D94C02A82FACE6 /* Roboto-ThinItalic.otf */ = {isa = PBXFileReference; name = "Roboto-ThinItalic.otf"; path = "../assets/fonts/Roboto-ThinItalic.otf"; sourceTree = "<group>"; fileEncoding = undefined; lastKnownFileType = unknown; explicitFileType = undefined; includeInIndex = 0; };
		2EE3C5842792431DB8013085 /* AntDesign.ttf */ = {isa = PBXFileReference; name = "AntDesign.ttf"; path = "../node_modules/native-base/Fonts/AntDesign.ttf"; sourceTree = "<group>"; fileEncoding = undefined; lastKnownFileType = unknown; explicitFileType = undefined; includeInIndex = 0; };
		7CD03FA1501F4C8AAF9A56C9 /* Entypo.ttf */ = {isa = PBXFileReference; name = "Entypo.ttf"; path = "../node_modules/native-base/Fonts/Entypo.ttf"; sourceTree = "<group>"; fileEncoding = undefined; lastKnownFileType = unknown; explicitFileType = undefined; includeInIndex = 0; };
		00D8D47AF8C7441185FE5AD5 /* EvilIcons.ttf */ = {isa = PBXFileReference; name = "EvilIcons.ttf"; path = "../node_modules/native-base/Fonts/EvilIcons.ttf"; sourceTree = "<group>"; fileEncoding = undefined; lastKnownFileType = unknown; explicitFileType = undefined; includeInIndex = 0; };
		DF015017D0324C12A7840120 /* Feather.ttf */ = {isa = PBXFileReference; name = "Feather.ttf"; path = "../node_modules/native-base/Fonts/Feather.ttf"; sourceTree = "<group>"; fileEncoding = undefined; lastKnownFileType = unknown; explicitFileType = undefined; includeInIndex = 0; };
		42F1100C1993450392254CF7 /* FontAwesome.ttf */ = {isa = PBXFileReference; name = "FontAwesome.ttf"; path = "../node_modules/native-base/Fonts/FontAwesome.ttf"; sourceTree = "<group>"; fileEncoding = undefined; lastKnownFileType = unknown; explicitFileType = undefined; includeInIndex = 0; };
		84BF427EBB1B4854931319FF /* FontAwesome5_Brands.ttf */ = {isa = PBXFileReference; name = "FontAwesome5_Brands.ttf"; path = "../node_modules/native-base/Fonts/FontAwesome5_Brands.ttf"; sourceTree = "<group>"; fileEncoding = undefined; lastKnownFileType = unknown; explicitFileType = undefined; includeInIndex = 0; };
		B0B5F17389B64D569666265C /* FontAwesome5_Regular.ttf */ = {isa = PBXFileReference; name = "FontAwesome5_Regular.ttf"; path = "../node_modules/native-base/Fonts/FontAwesome5_Regular.ttf"; sourceTree = "<group>"; fileEncoding = undefined; lastKnownFileType = unknown; explicitFileType = undefined; includeInIndex = 0; };
		806E758E9FA84808B270D310 /* FontAwesome5_Solid.ttf */ = {isa = PBXFileReference; name = "FontAwesome5_Solid.ttf"; path = "../node_modules/native-base/Fonts/FontAwesome5_Solid.ttf"; sourceTree = "<group>"; fileEncoding = undefined; lastKnownFileType = unknown; explicitFileType = undefined; includeInIndex = 0; };
		60C49F6E9F0B45A896AA9824 /* Fontisto.ttf */ = {isa = PBXFileReference; name = "Fontisto.ttf"; path = "../node_modules/native-base/Fonts/Fontisto.ttf"; sourceTree = "<group>"; fileEncoding = undefined; lastKnownFileType = unknown; explicitFileType = undefined; includeInIndex = 0; };
		5446302AD1EA48A186021005 /* Foundation.ttf */ = {isa = PBXFileReference; name = "Foundation.ttf"; path = "../node_modules/native-base/Fonts/Foundation.ttf"; sourceTree = "<group>"; fileEncoding = undefined; lastKnownFileType = unknown; explicitFileType = undefined; includeInIndex = 0; };
		0D95568662CB4A88AA1DF22A /* Ionicons.ttf */ = {isa = PBXFileReference; name = "Ionicons.ttf"; path = "../node_modules/native-base/Fonts/Ionicons.ttf"; sourceTree = "<group>"; fileEncoding = undefined; lastKnownFileType = unknown; explicitFileType = undefined; includeInIndex = 0; };
		8123D7DE731F41698AE9592F /* MaterialCommunityIcons.ttf */ = {isa = PBXFileReference; name = "MaterialCommunityIcons.ttf"; path = "../node_modules/native-base/Fonts/MaterialCommunityIcons.ttf"; sourceTree = "<group>"; fileEncoding = undefined; lastKnownFileType = unknown; explicitFileType = undefined; includeInIndex = 0; };
		2E3E3B35F4A7499C831ACA6E /* MaterialIcons.ttf */ = {isa = PBXFileReference; name = "MaterialIcons.ttf"; path = "../node_modules/native-base/Fonts/MaterialIcons.ttf"; sourceTree = "<group>"; fileEncoding = undefined; lastKnownFileType = unknown; explicitFileType = undefined; includeInIndex = 0; };
		0A24763345494F2297AF9B7F /* Octicons.ttf */ = {isa = PBXFileReference; name = "Octicons.ttf"; path = "../node_modules/native-base/Fonts/Octicons.ttf"; sourceTree = "<group>"; fileEncoding = undefined; lastKnownFileType = unknown; explicitFileType = undefined; includeInIndex = 0; };
		D709DB9264AB42428D15E537 /* Roboto_medium.ttf */ = {isa = PBXFileReference; name = "Roboto_medium.ttf"; path = "../node_modules/native-base/Fonts/Roboto_medium.ttf"; sourceTree = "<group>"; fileEncoding = undefined; lastKnownFileType = unknown; explicitFileType = undefined; includeInIndex = 0; };
		95D68026606A4A5CA1DEE2BB /* Roboto.ttf */ = {isa = PBXFileReference; name = "Roboto.ttf"; path = "../node_modules/native-base/Fonts/Roboto.ttf"; sourceTree = "<group>"; fileEncoding = undefined; lastKnownFileType = unknown; explicitFileType = undefined; includeInIndex = 0; };
		5F1CF29D4B3844BE925A7F33 /* rubicon-icon-font.ttf */ = {isa = PBXFileReference; name = "rubicon-icon-font.ttf"; path = "../node_modules/native-base/Fonts/rubicon-icon-font.ttf"; sourceTree = "<group>"; fileEncoding = undefined; lastKnownFileType = unknown; explicitFileType = undefined; includeInIndex = 0; };
		A8ADFC44000343898B47C6B0 /* SimpleLineIcons.ttf */ = {isa = PBXFileReference; name = "SimpleLineIcons.ttf"; path = "../node_modules/native-base/Fonts/SimpleLineIcons.ttf"; sourceTree = "<group>"; fileEncoding = undefined; lastKnownFileType = unknown; explicitFileType = undefined; includeInIndex = 0; };
		2FC984F1EEC7499583D20543 /* Zocial.ttf */ = {isa = PBXFileReference; name = "Zocial.ttf"; path = "../node_modules/native-base/Fonts/Zocial.ttf"; sourceTree = "<group>"; fileEncoding = undefined; lastKnownFileType = unknown; explicitFileType = undefined; includeInIndex = 0; };
		BD6D1CBAF86345F79F015A72 /* Billabong-Regular.ttf */ = {isa = PBXFileReference; name = "Billabong-Regular.ttf"; path = "../assets/fonts/Billabong-Regular.ttf"; sourceTree = "<group>"; fileEncoding = undefined; lastKnownFileType = unknown; explicitFileType = undefined; includeInIndex = 0; };
/* End PBXFileReference section */

/* Begin PBXFrameworksBuildPhase section */
		00E356EB1AD99517003FC87E /* Frameworks */ = {
			isa = PBXFrameworksBuildPhase;
			buildActionMask = 2147483647;
			files = (
			);
			runOnlyForDeploymentPostprocessing = 0;
		};
		13B07F8C1A680F5B00A75B9A /* Frameworks */ = {
			isa = PBXFrameworksBuildPhase;
			buildActionMask = 2147483647;
			files = (
			);
			runOnlyForDeploymentPostprocessing = 0;
		};
/* End PBXFrameworksBuildPhase section */

/* Begin PBXGroup section */
		00E356EF1AD99517003FC87E /* RNAssigmentTests */ = {
			isa = PBXGroup;
			children = (
				00E356F21AD99517003FC87E /* RNAssigmentTests.m */,
				00E356F01AD99517003FC87E /* Supporting Files */,
			);
			path = RNAssigmentTests;
			sourceTree = "<group>";
		};
		00E356F01AD99517003FC87E /* Supporting Files */ = {
			isa = PBXGroup;
			children = (
				00E356F11AD99517003FC87E /* Info.plist */,
			);
			name = "Supporting Files";
			sourceTree = "<group>";
		};
		13B07FAE1A68108700A75B9A /* RNAssigment */ = {
			isa = PBXGroup;
			children = (
				13B07FAF1A68108700A75B9A /* AppDelegate.h */,
				13B07FB01A68108700A75B9A /* AppDelegate.m */,
				13B07FB51A68108700A75B9A /* Images.xcassets */,
				13B07FB61A68108700A75B9A /* Info.plist */,
				81AB9BB72411601600AC10FF /* LaunchScreen.storyboard */,
				13B07FB71A68108700A75B9A /* main.m */,
			);
			name = RNAssigment;
			sourceTree = "<group>";
		};
		2D16E6871FA4F8E400B85C8A /* Frameworks */ = {
			isa = PBXGroup;
			children = (
				ED297162215061F000B7C4FE /* JavaScriptCore.framework */,
			);
			name = Frameworks;
			sourceTree = "<group>";
		};
		832341AE1AAA6A7D00B99B32 /* Libraries */ = {
			isa = PBXGroup;
			children = (
			);
			name = Libraries;
			sourceTree = "<group>";
		};
		83CBB9F61A601CBA00E9B192 = {
			isa = PBXGroup;
			children = (
				13B07FAE1A68108700A75B9A /* RNAssigment */,
				832341AE1AAA6A7D00B99B32 /* Libraries */,
				00E356EF1AD99517003FC87E /* RNAssigmentTests */,
				83CBBA001A601CBA00E9B192 /* Products */,
				2D16E6871FA4F8E400B85C8A /* Frameworks */,
				FE5FBBA4611C4A53916DBE1C /* Resources */,
			);
			indentWidth = 2;
			sourceTree = "<group>";
			tabWidth = 2;
			usesTabs = 0;
		};
		83CBBA001A601CBA00E9B192 /* Products */ = {
			isa = PBXGroup;
			children = (
				13B07F961A680F5B00A75B9A /* RNAssigment.app */,
				00E356EE1AD99517003FC87E /* RNAssigmentTests.xctest */,
			);
			name = Products;
			sourceTree = "<group>";
		};
		FE5FBBA4611C4A53916DBE1C /* Resources */ = {
			isa = "PBXGroup";
			children = (
				731C518E20D94B4BAED9AD0E /* Roboto-Black.otf */,
				6091E4F049AC4A53A2053015 /* Roboto-BlackItalic.otf */,
				89E18D2037F44B0496E23CF5 /* Roboto-Bold.otf */,
				9CAE432A326F41A69AF28197 /* Roboto-BoldItalic.otf */,
				7073B5902AF2419E9C8D7483 /* Roboto-Italic.otf */,
				260B44EA80AF4B53A58711F2 /* Roboto-Light.otf */,
				9ECD07AC31FD4641975EEF4F /* Roboto-LightItalic.otf */,
				03537AD486A24C20B45483B3 /* Roboto-Medium.otf */,
				3A2D610E3C454D818B6ABFBE /* Roboto-MediumItalic.otf */,
				08C4186B7F434C90845AD3E2 /* Roboto-Regular.otf */,
				0A9C7CE4FB0743949478FAC5 /* Roboto-Thin.otf */,
				BD2E186DD7D94C02A82FACE6 /* Roboto-ThinItalic.otf */,
				2EE3C5842792431DB8013085 /* AntDesign.ttf */,
				7CD03FA1501F4C8AAF9A56C9 /* Entypo.ttf */,
				00D8D47AF8C7441185FE5AD5 /* EvilIcons.ttf */,
				DF015017D0324C12A7840120 /* Feather.ttf */,
				42F1100C1993450392254CF7 /* FontAwesome.ttf */,
				84BF427EBB1B4854931319FF /* FontAwesome5_Brands.ttf */,
				B0B5F17389B64D569666265C /* FontAwesome5_Regular.ttf */,
				806E758E9FA84808B270D310 /* FontAwesome5_Solid.ttf */,
				60C49F6E9F0B45A896AA9824 /* Fontisto.ttf */,
				5446302AD1EA48A186021005 /* Foundation.ttf */,
				0D95568662CB4A88AA1DF22A /* Ionicons.ttf */,
				8123D7DE731F41698AE9592F /* MaterialCommunityIcons.ttf */,
				2E3E3B35F4A7499C831ACA6E /* MaterialIcons.ttf */,
				0A24763345494F2297AF9B7F /* Octicons.ttf */,
				D709DB9264AB42428D15E537 /* Roboto_medium.ttf */,
				95D68026606A4A5CA1DEE2BB /* Roboto.ttf */,
				5F1CF29D4B3844BE925A7F33 /* rubicon-icon-font.ttf */,
				A8ADFC44000343898B47C6B0 /* SimpleLineIcons.ttf */,
				2FC984F1EEC7499583D20543 /* Zocial.ttf */,
				BD6D1CBAF86345F79F015A72 /* Billabong-Regular.ttf */,
			);
			name = Resources;
			sourceTree = "<group>";
			path = "";
		};
/* End PBXGroup section */

/* Begin PBXNativeTarget section */
		00E356ED1AD99517003FC87E /* RNAssigmentTests */ = {
			isa = PBXNativeTarget;
			buildConfigurationList = 00E357021AD99517003FC87E /* Build configuration list for PBXNativeTarget "RNAssigmentTests" */;
			buildPhases = (
				00E356EA1AD99517003FC87E /* Sources */,
				00E356EB1AD99517003FC87E /* Frameworks */,
				00E356EC1AD99517003FC87E /* Resources */,
			);
			buildRules = (
			);
			dependencies = (
				00E356F51AD99517003FC87E /* PBXTargetDependency */,
			);
			name = RNAssigmentTests;
			productName = RNAssigmentTests;
			productReference = 00E356EE1AD99517003FC87E /* RNAssigmentTests.xctest */;
			productType = "com.apple.product-type.bundle.unit-test";
		};
		13B07F861A680F5B00A75B9A /* RNAssigment */ = {
			isa = PBXNativeTarget;
			buildConfigurationList = 13B07F931A680F5B00A75B9A /* Build configuration list for PBXNativeTarget "RNAssigment" */;
			buildPhases = (
				FD10A7F022414F080027D42C /* Start Packager */,
				13B07F871A680F5B00A75B9A /* Sources */,
				13B07F8C1A680F5B00A75B9A /* Frameworks */,
				13B07F8E1A680F5B00A75B9A /* Resources */,
				00DD1BFF1BD5951E006B06BC /* Bundle React Native code and images */,
			);
			buildRules = (
			);
			dependencies = (
			);
			name = RNAssigment;
			productName = RNAssigment;
			productReference = 13B07F961A680F5B00A75B9A /* RNAssigment.app */;
			productType = "com.apple.product-type.application";
		};
/* End PBXNativeTarget section */

/* Begin PBXProject section */
		83CBB9F71A601CBA00E9B192 /* Project object */ = {
			isa = PBXProject;
			attributes = {
				LastUpgradeCheck = 1210;
				TargetAttributes = {
					00E356ED1AD99517003FC87E = {
						CreatedOnToolsVersion = 6.2;
						TestTargetID = 13B07F861A680F5B00A75B9A;
					};
					13B07F861A680F5B00A75B9A = {
						LastSwiftMigration = 1120;
					};
				};
			};
			buildConfigurationList = 83CBB9FA1A601CBA00E9B192 /* Build configuration list for PBXProject "RNAssigment" */;
			compatibilityVersion = "Xcode 12.0";
			developmentRegion = en;
			hasScannedForEncodings = 0;
			knownRegions = (
				en,
				Base,
			);
			mainGroup = 83CBB9F61A601CBA00E9B192;
			productRefGroup = 83CBBA001A601CBA00E9B192 /* Products */;
			projectDirPath = "";
			projectRoot = "";
			targets = (
				13B07F861A680F5B00A75B9A /* RNAssigment */,
				00E356ED1AD99517003FC87E /* RNAssigmentTests */,
			);
		};
/* End PBXProject section */

/* Begin PBXResourcesBuildPhase section */
		00E356EC1AD99517003FC87E /* Resources */ = {
			isa = PBXResourcesBuildPhase;
			buildActionMask = 2147483647;
			files = (
			);
			runOnlyForDeploymentPostprocessing = 0;
		};
		13B07F8E1A680F5B00A75B9A /* Resources */ = {
			isa = PBXResourcesBuildPhase;
			buildActionMask = 2147483647;
			files = (
				81AB9BB82411601600AC10FF /* LaunchScreen.storyboard in Resources */,
				13B07FBF1A68108700A75B9A /* Images.xcassets in Resources */,
				7F5B114ADC8B464AAB9D3AFC /* Roboto-Black.otf in Resources */,
				8CB510EA80FC472695B66CC2 /* Roboto-BlackItalic.otf in Resources */,
				F6CEA98D16BF46A4AA398A60 /* Roboto-Bold.otf in Resources */,
				3333F88046994AFAB6DF1FCC /* Roboto-BoldItalic.otf in Resources */,
				0E48181EFE6149E3B8F23DBC /* Roboto-Italic.otf in Resources */,
				359A56F346A2424098748511 /* Roboto-Light.otf in Resources */,
				62232AB6436D46E385C87292 /* Roboto-LightItalic.otf in Resources */,
				D19A05A8DBFA41A298DEDA18 /* Roboto-Medium.otf in Resources */,
				A7D66FDD19A441C58D6B03A1 /* Roboto-MediumItalic.otf in Resources */,
				33A1F293E8F84096957AB18E /* Roboto-Regular.otf in Resources */,
				6D54601D96E04F1AA8B4FA4E /* Roboto-Thin.otf in Resources */,
				77776E7E445940EC940BDD81 /* Roboto-ThinItalic.otf in Resources */,
				C58E434016E141AD9F71D87F /* AntDesign.ttf in Resources */,
				4AA5198F34DA4B8C98321658 /* Entypo.ttf in Resources */,
				F78F3BC449D74982B472DB70 /* EvilIcons.ttf in Resources */,
				AF6B1846C25C43ED98281780 /* Feather.ttf in Resources */,
				2A5A6AD6876947839C54AB1D /* FontAwesome.ttf in Resources */,
				EC08D86B5F294C5C82569FE2 /* FontAwesome5_Brands.ttf in Resources */,
				AA004BA17C2448ADB6FE918B /* FontAwesome5_Regular.ttf in Resources */,
				F9A14D54F4274CFDA0E7C533 /* FontAwesome5_Solid.ttf in Resources */,
				876E8CFC563547D5A457F119 /* Fontisto.ttf in Resources */,
				E244BB80A6724661A9983881 /* Foundation.ttf in Resources */,
				98C894597CE14C308C907429 /* Ionicons.ttf in Resources */,
				47F63E5DD4D441BBB2120353 /* MaterialCommunityIcons.ttf in Resources */,
				7215B4B90E734A18910D54EC /* MaterialIcons.ttf in Resources */,
				5C21869B656F46FAB8299148 /* Octicons.ttf in Resources */,
				5BB9DB5620734E21AB21424D /* Roboto_medium.ttf in Resources */,
				E624E269D480408F8094E5CF /* Roboto.ttf in Resources */,
				FDCDE4A3B3E84E28B5C676BC /* rubicon-icon-font.ttf in Resources */,
				F57F8D80927A454791638A13 /* SimpleLineIcons.ttf in Resources */,
				006C0702750042F7B4D173FA /* Zocial.ttf in Resources */,
				4390E7D7A62A4470B5630198 /* Billabong-Regular.ttf in Resources */,
			);
			runOnlyForDeploymentPostprocessing = 0;
		};
/* End PBXResourcesBuildPhase section */

/* Begin PBXShellScriptBuildPhase section */
		00DD1BFF1BD5951E006B06BC /* Bundle React Native code and images */ = {
			isa = PBXShellScriptBuildPhase;
			buildActionMask = 2147483647;
			files = (
			);
			inputPaths = (
			);
			name = "Bundle React Native code and images";
			outputPaths = (
			);
			runOnlyForDeploymentPostprocessing = 0;
			shellPath = /bin/sh;
			shellScript = "set -e\n\nexport NODE_BINARY=node\n../node_modules/react-native/scripts/react-native-xcode.sh\n";
		};
		FD10A7F022414F080027D42C /* Start Packager */ = {
			isa = PBXShellScriptBuildPhase;
			buildActionMask = 2147483647;
			files = (
			);
			inputFileListPaths = (
			);
			inputPaths = (
			);
			name = "Start Packager";
			outputFileListPaths = (
			);
			outputPaths = (
			);
			runOnlyForDeploymentPostprocessing = 0;
			shellPath = /bin/sh;
			shellScript = "export RCT_METRO_PORT=\"${RCT_METRO_PORT:=8081}\"\necho \"export RCT_METRO_PORT=${RCT_METRO_PORT}\" > \"${SRCROOT}/../node_modules/react-native/scripts/.packager.env\"\nif [ -z \"${RCT_NO_LAUNCH_PACKAGER+xxx}\" ] ; then\n  if nc -w 5 -z localhost ${RCT_METRO_PORT} ; then\n    if ! curl -s \"http://localhost:${RCT_METRO_PORT}/status\" | grep -q \"packager-status:running\" ; then\n      echo \"Port ${RCT_METRO_PORT} already in use, packager is either not running or not running correctly\"\n      exit 2\n    fi\n  else\n    open \"$SRCROOT/../node_modules/react-native/scripts/launchPackager.command\" || echo \"Can't start packager automatically\"\n  fi\nfi\n";
			showEnvVarsInLog = 0;
		};
/* End PBXShellScriptBuildPhase section */

/* Begin PBXSourcesBuildPhase section */
		00E356EA1AD99517003FC87E /* Sources */ = {
			isa = PBXSourcesBuildPhase;
			buildActionMask = 2147483647;
			files = (
				00E356F31AD99517003FC87E /* RNAssigmentTests.m in Sources */,
			);
			runOnlyForDeploymentPostprocessing = 0;
		};
		13B07F871A680F5B00A75B9A /* Sources */ = {
			isa = PBXSourcesBuildPhase;
			buildActionMask = 2147483647;
			files = (
				13B07FBC1A68108700A75B9A /* AppDelegate.m in Sources */,
				13B07FC11A68108700A75B9A /* main.m in Sources */,
			);
			runOnlyForDeploymentPostprocessing = 0;
		};
/* End PBXSourcesBuildPhase section */

/* Begin PBXTargetDependency section */
		00E356F51AD99517003FC87E /* PBXTargetDependency */ = {
			isa = PBXTargetDependency;
			target = 13B07F861A680F5B00A75B9A /* RNAssigment */;
			targetProxy = 00E356F41AD99517003FC87E /* PBXContainerItemProxy */;
		};
/* End PBXTargetDependency section */

/* Begin XCBuildConfiguration section */
		00E356F61AD99517003FC87E /* Debug */ = {
			isa = XCBuildConfiguration;
			buildSettings = {
				BUNDLE_LOADER = "$(TEST_HOST)";
				GCC_PREPROCESSOR_DEFINITIONS = (
					"DEBUG=1",
					"$(inherited)",
				);
				INFOPLIST_FILE = RNAssigmentTests/Info.plist;
				IPHONEOS_DEPLOYMENT_TARGET = 10.0;
				LD_RUNPATH_SEARCH_PATHS = (
					"$(inherited)",
					"@executable_path/Frameworks",
					"@loader_path/Frameworks",
				);
				OTHER_LDFLAGS = (
					"-ObjC",
					"-lc++",
					"$(inherited)",
				);
				PRODUCT_BUNDLE_IDENTIFIER = "org.reactjs.native.example.$(PRODUCT_NAME:rfc1034identifier)";
				PRODUCT_NAME = "$(TARGET_NAME)";
				TEST_HOST = "$(BUILT_PRODUCTS_DIR)/RNAssigment.app/RNAssigment";
			};
			name = Debug;
		};
		00E356F71AD99517003FC87E /* Release */ = {
			isa = XCBuildConfiguration;
			buildSettings = {
				BUNDLE_LOADER = "$(TEST_HOST)";
				COPY_PHASE_STRIP = NO;
				INFOPLIST_FILE = RNAssigmentTests/Info.plist;
				IPHONEOS_DEPLOYMENT_TARGET = 10.0;
				LD_RUNPATH_SEARCH_PATHS = (
					"$(inherited)",
					"@executable_path/Frameworks",
					"@loader_path/Frameworks",
				);
				OTHER_LDFLAGS = (
					"-ObjC",
					"-lc++",
					"$(inherited)",
				);
				PRODUCT_BUNDLE_IDENTIFIER = "org.reactjs.native.example.$(PRODUCT_NAME:rfc1034identifier)";
				PRODUCT_NAME = "$(TARGET_NAME)";
				TEST_HOST = "$(BUILT_PRODUCTS_DIR)/RNAssigment.app/RNAssigment";
			};
			name = Release;
		};
		13B07F941A680F5B00A75B9A /* Debug */ = {
			isa = XCBuildConfiguration;
			buildSettings = {
				ASSETCATALOG_COMPILER_APPICON_NAME = AppIcon;
				CLANG_ENABLE_MODULES = YES;
				CURRENT_PROJECT_VERSION = 1;
				ENABLE_BITCODE = NO;
				INFOPLIST_FILE = RNAssigment/Info.plist;
				LD_RUNPATH_SEARCH_PATHS = (
					"$(inherited)",
					"@executable_path/Frameworks",
				);
				OTHER_LDFLAGS = (
					"$(inherited)",
					"-ObjC",
					"-lc++",
				);
				PRODUCT_BUNDLE_IDENTIFIER = "org.reactjs.native.example.$(PRODUCT_NAME:rfc1034identifier)";
				PRODUCT_NAME = RNAssigment;
				SWIFT_OPTIMIZATION_LEVEL = "-Onone";
				SWIFT_VERSION = 5.0;
				VERSIONING_SYSTEM = "apple-generic";
			};
			name = Debug;
		};
		13B07F951A680F5B00A75B9A /* Release */ = {
			isa = XCBuildConfiguration;
			buildSettings = {
				ASSETCATALOG_COMPILER_APPICON_NAME = AppIcon;
				CLANG_ENABLE_MODULES = YES;
				CURRENT_PROJECT_VERSION = 1;
				INFOPLIST_FILE = RNAssigment/Info.plist;
				LD_RUNPATH_SEARCH_PATHS = (
					"$(inherited)",
					"@executable_path/Frameworks",
				);
				OTHER_LDFLAGS = (
					"$(inherited)",
					"-ObjC",
					"-lc++",
				);
				PRODUCT_BUNDLE_IDENTIFIER = "org.reactjs.native.example.$(PRODUCT_NAME:rfc1034identifier)";
				PRODUCT_NAME = RNAssigment;
				SWIFT_VERSION = 5.0;
				VERSIONING_SYSTEM = "apple-generic";
			};
			name = Release;
		};
		83CBBA201A601CBA00E9B192 /* Debug */ = {
			isa = XCBuildConfiguration;
			buildSettings = {
				ALWAYS_SEARCH_USER_PATHS = NO;
				CLANG_ANALYZER_LOCALIZABILITY_NONLOCALIZED = YES;
				CLANG_CXX_LANGUAGE_STANDARD = "gnu++0x";
				CLANG_CXX_LIBRARY = "libc++";
				CLANG_ENABLE_MODULES = YES;
				CLANG_ENABLE_OBJC_ARC = YES;
				CLANG_WARN_BLOCK_CAPTURE_AUTORELEASING = YES;
				CLANG_WARN_BOOL_CONVERSION = YES;
				CLANG_WARN_COMMA = YES;
				CLANG_WARN_CONSTANT_CONVERSION = YES;
				CLANG_WARN_DEPRECATED_OBJC_IMPLEMENTATIONS = YES;
				CLANG_WARN_DIRECT_OBJC_ISA_USAGE = YES_ERROR;
				CLANG_WARN_EMPTY_BODY = YES;
				CLANG_WARN_ENUM_CONVERSION = YES;
				CLANG_WARN_INFINITE_RECURSION = YES;
				CLANG_WARN_INT_CONVERSION = YES;
				CLANG_WARN_NON_LITERAL_NULL_CONVERSION = YES;
				CLANG_WARN_OBJC_IMPLICIT_RETAIN_SELF = YES;
				CLANG_WARN_OBJC_LITERAL_CONVERSION = YES;
				CLANG_WARN_OBJC_ROOT_CLASS = YES_ERROR;
				CLANG_WARN_QUOTED_INCLUDE_IN_FRAMEWORK_HEADER = YES;
				CLANG_WARN_RANGE_LOOP_ANALYSIS = YES;
				CLANG_WARN_STRICT_PROTOTYPES = YES;
				CLANG_WARN_SUSPICIOUS_MOVE = YES;
				CLANG_WARN_UNREACHABLE_CODE = YES;
				CLANG_WARN__DUPLICATE_METHOD_MATCH = YES;
				"CODE_SIGN_IDENTITY[sdk=iphoneos*]" = "iPhone Developer";
				COPY_PHASE_STRIP = NO;
				ENABLE_STRICT_OBJC_MSGSEND = YES;
				ENABLE_TESTABILITY = YES;
				GCC_C_LANGUAGE_STANDARD = gnu99;
				GCC_DYNAMIC_NO_PIC = NO;
				GCC_NO_COMMON_BLOCKS = YES;
				GCC_OPTIMIZATION_LEVEL = 0;
				GCC_PREPROCESSOR_DEFINITIONS = (
					"DEBUG=1",
					"$(inherited)",
				);
				GCC_SYMBOLS_PRIVATE_EXTERN = NO;
				GCC_WARN_64_TO_32_BIT_CONVERSION = YES;
				GCC_WARN_ABOUT_RETURN_TYPE = YES_ERROR;
				GCC_WARN_UNDECLARED_SELECTOR = YES;
				GCC_WARN_UNINITIALIZED_AUTOS = YES_AGGRESSIVE;
				GCC_WARN_UNUSED_FUNCTION = YES;
				GCC_WARN_UNUSED_VARIABLE = YES;
				IPHONEOS_DEPLOYMENT_TARGET = 10.0;
				LD_RUNPATH_SEARCH_PATHS = (
					/usr/lib/swift,
					"$(inherited)",
				);
				LIBRARY_SEARCH_PATHS = (
					"\"$(TOOLCHAIN_DIR)/usr/lib/swift/$(PLATFORM_NAME)\"",
					"\"$(TOOLCHAIN_DIR)/usr/lib/swift-5.0/$(PLATFORM_NAME)\"",
					"\"$(inherited)\"",
				);
				MTL_ENABLE_DEBUG_INFO = YES;
				ONLY_ACTIVE_ARCH = YES;
				SDKROOT = iphoneos;
			};
			name = Debug;
		};
		83CBBA211A601CBA00E9B192 /* Release */ = {
			isa = XCBuildConfiguration;
			buildSettings = {
				ALWAYS_SEARCH_USER_PATHS = NO;
				CLANG_ANALYZER_LOCALIZABILITY_NONLOCALIZED = YES;
				CLANG_CXX_LANGUAGE_STANDARD = "gnu++0x";
				CLANG_CXX_LIBRARY = "libc++";
				CLANG_ENABLE_MODULES = YES;
				CLANG_ENABLE_OBJC_ARC = YES;
				CLANG_WARN_BLOCK_CAPTURE_AUTORELEASING = YES;
				CLANG_WARN_BOOL_CONVERSION = YES;
				CLANG_WARN_COMMA = YES;
				CLANG_WARN_CONSTANT_CONVERSION = YES;
				CLANG_WARN_DEPRECATED_OBJC_IMPLEMENTATIONS = YES;
				CLANG_WARN_DIRECT_OBJC_ISA_USAGE = YES_ERROR;
				CLANG_WARN_EMPTY_BODY = YES;
				CLANG_WARN_ENUM_CONVERSION = YES;
				CLANG_WARN_INFINITE_RECURSION = YES;
				CLANG_WARN_INT_CONVERSION = YES;
				CLANG_WARN_NON_LITERAL_NULL_CONVERSION = YES;
				CLANG_WARN_OBJC_IMPLICIT_RETAIN_SELF = YES;
				CLANG_WARN_OBJC_LITERAL_CONVERSION = YES;
				CLANG_WARN_OBJC_ROOT_CLASS = YES_ERROR;
				CLANG_WARN_QUOTED_INCLUDE_IN_FRAMEWORK_HEADER = YES;
				CLANG_WARN_RANGE_LOOP_ANALYSIS = YES;
				CLANG_WARN_STRICT_PROTOTYPES = YES;
				CLANG_WARN_SUSPICIOUS_MOVE = YES;
				CLANG_WARN_UNREACHABLE_CODE = YES;
				CLANG_WARN__DUPLICATE_METHOD_MATCH = YES;
				"CODE_SIGN_IDENTITY[sdk=iphoneos*]" = "iPhone Developer";
				COPY_PHASE_STRIP = YES;
				ENABLE_NS_ASSERTIONS = NO;
				ENABLE_STRICT_OBJC_MSGSEND = YES;
				GCC_C_LANGUAGE_STANDARD = gnu99;
				GCC_NO_COMMON_BLOCKS = YES;
				GCC_WARN_64_TO_32_BIT_CONVERSION = YES;
				GCC_WARN_ABOUT_RETURN_TYPE = YES_ERROR;
				GCC_WARN_UNDECLARED_SELECTOR = YES;
				GCC_WARN_UNINITIALIZED_AUTOS = YES_AGGRESSIVE;
				GCC_WARN_UNUSED_FUNCTION = YES;
				GCC_WARN_UNUSED_VARIABLE = YES;
				IPHONEOS_DEPLOYMENT_TARGET = 10.0;
				LD_RUNPATH_SEARCH_PATHS = (
					/usr/lib/swift,
					"$(inherited)",
				);
				LIBRARY_SEARCH_PATHS = (
					"\"$(TOOLCHAIN_DIR)/usr/lib/swift/$(PLATFORM_NAME)\"",
					"\"$(TOOLCHAIN_DIR)/usr/lib/swift-5.0/$(PLATFORM_NAME)\"",
					"\"$(inherited)\"",
				);
				MTL_ENABLE_DEBUG_INFO = NO;
				SDKROOT = iphoneos;
				VALIDATE_PRODUCT = YES;
			};
			name = Release;
		};
/* End XCBuildConfiguration section */

/* Begin XCConfigurationList section */
		00E357021AD99517003FC87E /* Build configuration list for PBXNativeTarget "RNAssigmentTests" */ = {
			isa = XCConfigurationList;
			buildConfigurations = (
				00E356F61AD99517003FC87E /* Debug */,
				00E356F71AD99517003FC87E /* Release */,
			);
			defaultConfigurationIsVisible = 0;
			defaultConfigurationName = Release;
		};
		13B07F931A680F5B00A75B9A /* Build configuration list for PBXNativeTarget "RNAssigment" */ = {
			isa = XCConfigurationList;
			buildConfigurations = (
				13B07F941A680F5B00A75B9A /* Debug */,
				13B07F951A680F5B00A75B9A /* Release */,
			);
			defaultConfigurationIsVisible = 0;
			defaultConfigurationName = Release;
		};
		83CBB9FA1A601CBA00E9B192 /* Build configuration list for PBXProject "RNAssigment" */ = {
			isa = XCConfigurationList;
			buildConfigurations = (
				83CBBA201A601CBA00E9B192 /* Debug */,
				83CBBA211A601CBA00E9B192 /* Release */,
			);
			defaultConfigurationIsVisible = 0;
			defaultConfigurationName = Release;
		};
/* End XCConfigurationList section */
	};
	rootObject = 83CBB9F71A601CBA00E9B192 /* Project object */;
}
